// !$*UTF8*$!
{
	archiveVersion = 1;
	classes = {
	};
	objectVersion = 46;
	objects = {

/* Begin PBXBuildFile section */
		A2535FA11EC4EFA100F5DE91 /* AppDelegate.swift in Sources */ = {isa = PBXBuildFile; fileRef = A2535FA01EC4EFA100F5DE91 /* AppDelegate.swift */; };
		A2535FA31EC4EFA100F5DE91 /* ViewController.swift in Sources */ = {isa = PBXBuildFile; fileRef = A2535FA21EC4EFA100F5DE91 /* ViewController.swift */; };
		A2535FA61EC4EFA100F5DE91 /* Main.storyboard in Resources */ = {isa = PBXBuildFile; fileRef = A2535FA41EC4EFA100F5DE91 /* Main.storyboard */; };
		A2535FA81EC4EFA100F5DE91 /* Assets.xcassets in Resources */ = {isa = PBXBuildFile; fileRef = A2535FA71EC4EFA100F5DE91 /* Assets.xcassets */; };
		A2535FAB1EC4EFA100F5DE91 /* LaunchScreen.storyboard in Resources */ = {isa = PBXBuildFile; fileRef = A2535FA91EC4EFA100F5DE91 /* LaunchScreen.storyboard */; };
		A2535FB61EC4EFA100F5DE91 /* TicTacToeTests.swift in Sources */ = {isa = PBXBuildFile; fileRef = A2535FB51EC4EFA100F5DE91 /* TicTacToeTests.swift */; };
		A2535FC11EC4EFA100F5DE91 /* TicTacToeUITests.swift in Sources */ = {isa = PBXBuildFile; fileRef = A2535FC01EC4EFA100F5DE91 /* TicTacToeUITests.swift */; };
/* End PBXBuildFile section */

/* Begin PBXContainerItemProxy section */
		A2535FB21EC4EFA100F5DE91 /* PBXContainerItemProxy */ = {
			isa = PBXContainerItemProxy;
			containerPortal = A2535F951EC4EFA100F5DE91 /* Project object */;
			proxyType = 1;
			remoteGlobalIDString = A2535F9C1EC4EFA100F5DE91;
			remoteInfo = TicTacToe;
		};
		A2535FBD1EC4EFA100F5DE91 /* PBXContainerItemProxy */ = {
			isa = PBXContainerItemProxy;
			containerPortal = A2535F951EC4EFA100F5DE91 /* Project object */;
			proxyType = 1;
			remoteGlobalIDString = A2535F9C1EC4EFA100F5DE91;
			remoteInfo = TicTacToe;
		};
/* End PBXContainerItemProxy section */

/* Begin PBXFileReference section */
		A2535F9D1EC4EFA100F5DE91 /* TicTacToe.app */ = {isa = PBXFileReference; explicitFileType = wrapper.application; includeInIndex = 0; path = TicTacToe.app; sourceTree = BUILT_PRODUCTS_DIR; };
		A2535FA01EC4EFA100F5DE91 /* AppDelegate.swift */ = {isa = PBXFileReference; lastKnownFileType = sourcecode.swift; path = AppDelegate.swift; sourceTree = "<group>"; };
		A2535FA21EC4EFA100F5DE91 /* ViewController.swift */ = {isa = PBXFileReference; lastKnownFileType = sourcecode.swift; path = ViewController.swift; sourceTree = "<group>"; };
		A2535FA51EC4EFA100F5DE91 /* Base */ = {isa = PBXFileReference; lastKnownFileType = file.storyboard; name = Base; path = Base.lproj/Main.storyboard; sourceTree = "<group>"; };
		A2535FA71EC4EFA100F5DE91 /* Assets.xcassets */ = {isa = PBXFileReference; lastKnownFileType = folder.assetcatalog; path = Assets.xcassets; sourceTree = "<group>"; };
		A2535FAA1EC4EFA100F5DE91 /* Base */ = {isa = PBXFileReference; lastKnownFileType = file.storyboard; name = Base; path = Base.lproj/LaunchScreen.storyboard; sourceTree = "<group>"; };
		A2535FAC1EC4EFA100F5DE91 /* Info.plist */ = {isa = PBXFileReference; lastKnownFileType = text.plist.xml; path = Info.plist; sourceTree = "<group>"; };
		A2535FB11EC4EFA100F5DE91 /* TicTacToeTests.xctest */ = {isa = PBXFileReference; explicitFileType = wrapper.cfbundle; includeInIndex = 0; path = TicTacToeTests.xctest; sourceTree = BUILT_PRODUCTS_DIR; };
		A2535FB51EC4EFA100F5DE91 /* TicTacToeTests.swift */ = {isa = PBXFileReference; lastKnownFileType = sourcecode.swift; path = TicTacToeTests.swift; sourceTree = "<group>"; };
		A2535FB71EC4EFA100F5DE91 /* Info.plist */ = {isa = PBXFileReference; lastKnownFileType = text.plist.xml; path = Info.plist; sourceTree = "<group>"; };
		A2535FBC1EC4EFA100F5DE91 /* TicTacToeUITests.xctest */ = {isa = PBXFileReference; explicitFileType = wrapper.cfbundle; includeInIndex = 0; path = TicTacToeUITests.xctest; sourceTree = BUILT_PRODUCTS_DIR; };
		A2535FC01EC4EFA100F5DE91 /* TicTacToeUITests.swift */ = {isa = PBXFileReference; lastKnownFileType = sourcecode.swift; path = TicTacToeUITests.swift; sourceTree = "<group>"; };
		A2535FC21EC4EFA100F5DE91 /* Info.plist */ = {isa = PBXFileReference; lastKnownFileType = text.plist.xml; path = Info.plist; sourceTree = "<group>"; };
/* End PBXFileReference section */

/* Begin PBXFrameworksBuildPhase section */
		A2535F9A1EC4EFA100F5DE91 /* Frameworks */ = {
			isa = PBXFrameworksBuildPhase;
			buildActionMask = 2147483647;
			files = (
			);
			runOnlyForDeploymentPostprocessing = 0;
		};
		A2535FAE1EC4EFA100F5DE91 /* Frameworks */ = {
			isa = PBXFrameworksBuildPhase;
			buildActionMask = 2147483647;
			files = (
			);
			runOnlyForDeploymentPostprocessing = 0;
		};
		A2535FB91EC4EFA100F5DE91 /* Frameworks */ = {
			isa = PBXFrameworksBuildPhase;
			buildActionMask = 2147483647;
			files = (
			);
			runOnlyForDeploymentPostprocessing = 0;
		};
/* End PBXFrameworksBuildPhase section */

/* Begin PBXGroup section */
		A2535F941EC4EFA100F5DE91 = {
			isa = PBXGroup;
			children = (
				A2535F9F1EC4EFA100F5DE91 /* TicTacToe */,
				A2535FB41EC4EFA100F5DE91 /* TicTacToeTests */,
				A2535FBF1EC4EFA100F5DE91 /* TicTacToeUITests */,
				A2535F9E1EC4EFA100F5DE91 /* Products */,
			);
			sourceTree = "<group>";
		};
		A2535F9E1EC4EFA100F5DE91 /* Products */ = {
			isa = PBXGroup;
			children = (
				A2535F9D1EC4EFA100F5DE91 /* TicTacToe.app */,
				A2535FB11EC4EFA100F5DE91 /* TicTacToeTests.xctest */,
				A2535FBC1EC4EFA100F5DE91 /* TicTacToeUITests.xctest */,
			);
			name = Products;
			sourceTree = "<group>";
		};
		A2535F9F1EC4EFA100F5DE91 /* TicTacToe */ = {
			isa = PBXGroup;
			children = (
				A2535FA01EC4EFA100F5DE91 /* AppDelegate.swift */,
				A2535FA21EC4EFA100F5DE91 /* ViewController.swift */,
				A2535FA41EC4EFA100F5DE91 /* Main.storyboard */,
				A2535FA71EC4EFA100F5DE91 /* Assets.xcassets */,
				A2535FA91EC4EFA100F5DE91 /* LaunchScreen.storyboard */,
				A2535FAC1EC4EFA100F5DE91 /* Info.plist */,
			);
			path = TicTacToe;
			sourceTree = "<group>";
		};
		A2535FB41EC4EFA100F5DE91 /* TicTacToeTests */ = {
			isa = PBXGroup;
			children = (
				A2535FB51EC4EFA100F5DE91 /* TicTacToeTests.swift */,
				A2535FB71EC4EFA100F5DE91 /* Info.plist */,
			);
			path = TicTacToeTests;
			sourceTree = "<group>";
		};
		A2535FBF1EC4EFA100F5DE91 /* TicTacToeUITests */ = {
			isa = PBXGroup;
			children = (
				A2535FC01EC4EFA100F5DE91 /* TicTacToeUITests.swift */,
				A2535FC21EC4EFA100F5DE91 /* Info.plist */,
			);
			path = TicTacToeUITests;
			sourceTree = "<group>";
		};
/* End PBXGroup section */

/* Begin PBXNativeTarget section */
		A2535F9C1EC4EFA100F5DE91 /* TicTacToe */ = {
			isa = PBXNativeTarget;
			buildConfigurationList = A2535FC51EC4EFA100F5DE91 /* Build configuration list for PBXNativeTarget "TicTacToe" */;
			buildPhases = (
				A2535F991EC4EFA100F5DE91 /* Sources */,
				A2535F9A1EC4EFA100F5DE91 /* Frameworks */,
				A2535F9B1EC4EFA100F5DE91 /* Resources */,
			);
			buildRules = (
			);
			dependencies = (
			);
			name = TicTacToe;
			productName = TicTacToe;
			productReference = A2535F9D1EC4EFA100F5DE91 /* TicTacToe.app */;
			productType = "com.apple.product-type.application";
		};
		A2535FB01EC4EFA100F5DE91 /* TicTacToeTests */ = {
			isa = PBXNativeTarget;
			buildConfigurationList = A2535FC81EC4EFA100F5DE91 /* Build configuration list for PBXNativeTarget "TicTacToeTests" */;
			buildPhases = (
				A2535FAD1EC4EFA100F5DE91 /* Sources */,
				A2535FAE1EC4EFA100F5DE91 /* Frameworks */,
				A2535FAF1EC4EFA100F5DE91 /* Resources */,
			);
			buildRules = (
			);
			dependencies = (
				A2535FB31EC4EFA100F5DE91 /* PBXTargetDependency */,
			);
			name = TicTacToeTests;
			productName = TicTacToeTests;
			productReference = A2535FB11EC4EFA100F5DE91 /* TicTacToeTests.xctest */;
			productType = "com.apple.product-type.bundle.unit-test";
		};
		A2535FBB1EC4EFA100F5DE91 /* TicTacToeUITests */ = {
			isa = PBXNativeTarget;
			buildConfigurationList = A2535FCB1EC4EFA100F5DE91 /* Build configuration list for PBXNativeTarget "TicTacToeUITests" */;
			buildPhases = (
				A2535FB81EC4EFA100F5DE91 /* Sources */,
				A2535FB91EC4EFA100F5DE91 /* Frameworks */,
				A2535FBA1EC4EFA100F5DE91 /* Resources */,
			);
			buildRules = (
			);
			dependencies = (
				A2535FBE1EC4EFA100F5DE91 /* PBXTargetDependency */,
			);
			name = TicTacToeUITests;
			productName = TicTacToeUITests;
			productReference = A2535FBC1EC4EFA100F5DE91 /* TicTacToeUITests.xctest */;
			productType = "com.apple.product-type.bundle.ui-testing";
		};
/* End PBXNativeTarget section */

/* Begin PBXProject section */
		A2535F951EC4EFA100F5DE91 /* Project object */ = {
			isa = PBXProject;
			attributes = {
				LastSwiftUpdateCheck = 0830;
				LastUpgradeCheck = 0830;
				ORGANIZATIONNAME = "Samuel Moon";
				TargetAttributes = {
					A2535F9C1EC4EFA100F5DE91 = {
						CreatedOnToolsVersion = 8.3.2;
						ProvisioningStyle = Automatic;
					};
					A2535FB01EC4EFA100F5DE91 = {
						CreatedOnToolsVersion = 8.3.2;
						ProvisioningStyle = Automatic;
						TestTargetID = A2535F9C1EC4EFA100F5DE91;
					};
					A2535FBB1EC4EFA100F5DE91 = {
						CreatedOnToolsVersion = 8.3.2;
						ProvisioningStyle = Automatic;
						TestTargetID = A2535F9C1EC4EFA100F5DE91;
					};
				};
			};
			buildConfigurationList = A2535F981EC4EFA100F5DE91 /* Build configuration list for PBXProject "TicTacToe" */;
			compatibilityVersion = "Xcode 3.2";
			developmentRegion = English;
			hasScannedForEncodings = 0;
			knownRegions = (
				en,
				Base,
			);
			mainGroup = A2535F941EC4EFA100F5DE91;
			productRefGroup = A2535F9E1EC4EFA100F5DE91 /* Products */;
			projectDirPath = "";
			projectRoot = "";
			targets = (
				A2535F9C1EC4EFA100F5DE91 /* TicTacToe */,
				A2535FB01EC4EFA100F5DE91 /* TicTacToeTests */,
				A2535FBB1EC4EFA100F5DE91 /* TicTacToeUITests */,
			);
		};
/* End PBXProject section */

/* Begin PBXResourcesBuildPhase section */
		A2535F9B1EC4EFA100F5DE91 /* Resources */ = {
			isa = PBXResourcesBuildPhase;
			buildActionMask = 2147483647;
			files = (
				A2535FAB1EC4EFA100F5DE91 /* LaunchScreen.storyboard in Resources */,
				A2535FA81EC4EFA100F5DE91 /* Assets.xcassets in Resources */,
				A2535FA61EC4EFA100F5DE91 /* Main.storyboard in Resources */,
			);
			runOnlyForDeploymentPostprocessing = 0;
		};
		A2535FAF1EC4EFA100F5DE91 /* Resources */ = {
			isa = PBXResourcesBuildPhase;
			buildActionMask = 2147483647;
			files = (
			);
			runOnlyForDeploymentPostprocessing = 0;
		};
		A2535FBA1EC4EFA100F5DE91 /* Resources */ = {
			isa = PBXResourcesBuildPhase;
			buildActionMask = 2147483647;
			files = (
			);
			runOnlyForDeploymentPostprocessing = 0;
		};
/* End PBXResourcesBuildPhase section */

/* Begin PBXSourcesBuildPhase section */
		A2535F991EC4EFA100F5DE91 /* Sources */ = {
			isa = PBXSourcesBuildPhase;
			buildActionMask = 2147483647;
			files = (
				A2535FA31EC4EFA100F5DE91 /* ViewController.swift in Sources */,
				A2535FA11EC4EFA100F5DE91 /* AppDelegate.swift in Sources */,
			);
			runOnlyForDeploymentPostprocessing = 0;
		};
		A2535FAD1EC4EFA100F5DE91 /* Sources */ = {
			isa = PBXSourcesBuildPhase;
			buildActionMask = 2147483647;
			files = (
				A2535FB61EC4EFA100F5DE91 /* TicTacToeTests.swift in Sources */,
			);
			runOnlyForDeploymentPostprocessing = 0;
		};
		A2535FB81EC4EFA100F5DE91 /* Sources */ = {
			isa = PBXSourcesBuildPhase;
			buildActionMask = 2147483647;
			files = (
				A2535FC11EC4EFA100F5DE91 /* TicTacToeUITests.swift in Sources */,
			);
			runOnlyForDeploymentPostprocessing = 0;
		};
/* End PBXSourcesBuildPhase section */

/* Begin PBXTargetDependency section */
		A2535FB31EC4EFA100F5DE91 /* PBXTargetDependency */ = {
			isa = PBXTargetDependency;
			target = A2535F9C1EC4EFA100F5DE91 /* TicTacToe */;
			targetProxy = A2535FB21EC4EFA100F5DE91 /* PBXContainerItemProxy */;
		};
		A2535FBE1EC4EFA100F5DE91 /* PBXTargetDependency */ = {
			isa = PBXTargetDependency;
			target = A2535F9C1EC4EFA100F5DE91 /* TicTacToe */;
			targetProxy = A2535FBD1EC4EFA100F5DE91 /* PBXContainerItemProxy */;
		};
/* End PBXTargetDependency section */

/* Begin PBXVariantGroup section */
		A2535FA41EC4EFA100F5DE91 /* Main.storyboard */ = {
			isa = PBXVariantGroup;
			children = (
				A2535FA51EC4EFA100F5DE91 /* Base */,
			);
			name = Main.storyboard;
			sourceTree = "<group>";
		};
		A2535FA91EC4EFA100F5DE91 /* LaunchScreen.storyboard */ = {
			isa = PBXVariantGroup;
			children = (
				A2535FAA1EC4EFA100F5DE91 /* Base */,
			);
			name = LaunchScreen.storyboard;
			sourceTree = "<group>";
		};
/* End PBXVariantGroup section */

/* Begin XCBuildConfiguration section */
		A2535FC31EC4EFA100F5DE91 /* Debug */ = {
			isa = XCBuildConfiguration;
			buildSettings = {
				ALWAYS_SEARCH_USER_PATHS = NO;
				CLANG_ANALYZER_NONNULL = YES;
				CLANG_ANALYZER_NUMBER_OBJECT_CONVERSION = YES_AGGRESSIVE;
				CLANG_CXX_LANGUAGE_STANDARD = "gnu++0x";
				CLANG_CXX_LIBRARY = "libc++";
				CLANG_ENABLE_MODULES = YES;
				CLANG_ENABLE_OBJC_ARC = YES;
				CLANG_WARN_BOOL_CONVERSION = YES;
				CLANG_WARN_CONSTANT_CONVERSION = YES;
				CLANG_WARN_DIRECT_OBJC_ISA_USAGE = YES_ERROR;
				CLANG_WARN_DOCUMENTATION_COMMENTS = YES;
				CLANG_WARN_EMPTY_BODY = YES;
				CLANG_WARN_ENUM_CONVERSION = YES;
				CLANG_WARN_INFINITE_RECURSION = YES;
				CLANG_WARN_INT_CONVERSION = YES;
				CLANG_WARN_OBJC_ROOT_CLASS = YES_ERROR;
				CLANG_WARN_SUSPICIOUS_MOVE = YES;
				CLANG_WARN_UNREACHABLE_CODE = YES;
				CLANG_WARN__DUPLICATE_METHOD_MATCH = YES;
				"CODE_SIGN_IDENTITY[sdk=iphoneos*]" = "iPhone Developer";
				COPY_PHASE_STRIP = NO;
				DEBUG_INFORMATION_FORMAT = dwarf;
				ENABLE_STRICT_OBJC_MSGSEND = YES;
				ENABLE_TESTABILITY = YES;
				GCC_C_LANGUAGE_STANDARD = gnu99;
				GCC_DYNAMIC_NO_PIC = NO;
				GCC_NO_COMMON_BLOCKS = YES;
				GCC_OPTIMIZATION_LEVEL = 0;
				GCC_PREPROCESSOR_DEFINITIONS = (
					"DEBUG=1",
					"$(inherited)",
				);
				GCC_WARN_64_TO_32_BIT_CONVERSION = YES;
				GCC_WARN_ABOUT_RETURN_TYPE = YES_ERROR;
				GCC_WARN_UNDECLARED_SELECTOR = YES;
				GCC_WARN_UNINITIALIZED_AUTOS = YES_AGGRESSIVE;
				GCC_WARN_UNUSED_FUNCTION = YES;
				GCC_WARN_UNUSED_VARIABLE = YES;
				IPHONEOS_DEPLOYMENT_TARGET = 10.3;
				MTL_ENABLE_DEBUG_INFO = YES;
				ONLY_ACTIVE_ARCH = YES;
				SDKROOT = iphoneos;
				SWIFT_ACTIVE_COMPILATION_CONDITIONS = DEBUG;
				SWIFT_OPTIMIZATION_LEVEL = "-Onone";
				TARGETED_DEVICE_FAMILY = "1,2";
			};
			name = Debug;
		};
		A2535FC41EC4EFA100F5DE91 /* Release */ = {
			isa = XCBuildConfiguration;
			buildSettings = {
				ALWAYS_SEARCH_USER_PATHS = NO;
				CLANG_ANALYZER_NONNULL = YES;
				CLANG_ANALYZER_NUMBER_OBJECT_CONVERSION = YES_AGGRESSIVE;
				CLANG_CXX_LANGUAGE_STANDARD = "gnu++0x";
				CLANG_CXX_LIBRARY = "libc++";
				CLANG_ENABLE_MODULES = YES;
				CLANG_ENABLE_OBJC_ARC = YES;
				CLANG_WARN_BOOL_CONVERSION = YES;
				CLANG_WARN_CONSTANT_CONVERSION = YES;
				CLANG_WARN_DIRECT_OBJC_ISA_USAGE = YES_ERROR;
				CLANG_WARN_DOCUMENTATION_COMMENTS = YES;
				CLANG_WARN_EMPTY_BODY = YES;
				CLANG_WARN_ENUM_CONVERSION = YES;
				CLANG_WARN_INFINITE_RECURSION = YES;
				CLANG_WARN_INT_CONVERSION = YES;
				CLANG_WARN_OBJC_ROOT_CLASS = YES_ERROR;
				CLANG_WARN_SUSPICIOUS_MOVE = YES;
				CLANG_WARN_UNREACHABLE_CODE = YES;
				CLANG_WARN__DUPLICATE_METHOD_MATCH = YES;
				"CODE_SIGN_IDENTITY[sdk=iphoneos*]" = "iPhone Developer";
				COPY_PHASE_STRIP = NO;
				DEBUG_INFORMATION_FORMAT = "dwarf-with-dsym";
				ENABLE_NS_ASSERTIONS = NO;
				ENABLE_STRICT_OBJC_MSGSEND = YES;
				GCC_C_LANGUAGE_STANDARD = gnu99;
				GCC_NO_COMMON_BLOCKS = YES;
				GCC_WARN_64_TO_32_BIT_CONVERSION = YES;
				GCC_WARN_ABOUT_RETURN_TYPE = YES_ERROR;
				GCC_WARN_UNDECLARED_SELECTOR = YES;
				GCC_WARN_UNINITIALIZED_AUTOS = YES_AGGRESSIVE;
				GCC_WARN_UNUSED_FUNCTION = YES;
				GCC_WARN_UNUSED_VARIABLE = YES;
				IPHONEOS_DEPLOYMENT_TARGET = 10.3;
				MTL_ENABLE_DEBUG_INFO = NO;
				SDKROOT = iphoneos;
				SWIFT_OPTIMIZATION_LEVEL = "-Owholemodule";
				TARGETED_DEVICE_FAMILY = "1,2";
				VALIDATE_PRODUCT = YES;
			};
			name = Release;
		};
		A2535FC61EC4EFA100F5DE91 /* Debug */ = {
			isa = XCBuildConfiguration;
			buildSettings = {
				ASSETCATALOG_COMPILER_APPICON_NAME = AppIcon;
				INFOPLIST_FILE = TicTacToe/Info.plist;
				LD_RUNPATH_SEARCH_PATHS = "$(inherited) @executable_path/Frameworks";
				PRODUCT_BUNDLE_IDENTIFIER = com.codingdojo.TicTacToe;
				PRODUCT_NAME = "$(TARGET_NAME)";
				SWIFT_VERSION = 3.0;
			};
			name = Debug;
		};
		A2535FC71EC4EFA100F5DE91 /* Release */ = {
			isa = XCBuildConfiguration;
			buildSettings = {
				ASSETCATALOG_COMPILER_APPICON_NAME = AppIcon;
				INFOPLIST_FILE = TicTacToe/Info.plist;
				LD_RUNPATH_SEARCH_PATHS = "$(inherited) @executable_path/Frameworks";
				PRODUCT_BUNDLE_IDENTIFIER = com.codingdojo.TicTacToe;
				PRODUCT_NAME = "$(TARGET_NAME)";
				SWIFT_VERSION = 3.0;
			};
			name = Release;
		};
		A2535FC91EC4EFA100F5DE91 /* Debug */ = {
			isa = XCBuildConfiguration;
			buildSettings = {
				ALWAYS_EMBED_SWIFT_STANDARD_LIBRARIES = YES;
				BUNDLE_LOADER = "$(TEST_HOST)";
				INFOPLIST_FILE = TicTacToeTests/Info.plist;
				LD_RUNPATH_SEARCH_PATHS = "$(inherited) @executable_path/Frameworks @loader_path/Frameworks";
				PRODUCT_BUNDLE_IDENTIFIER = com.codingdojo.TicTacToeTests;
				PRODUCT_NAME = "$(TARGET_NAME)";
				SWIFT_VERSION = 3.0;
				TEST_HOST = "$(BUILT_PRODUCTS_DIR)/TicTacToe.app/TicTacToe";
			};
			name = Debug;
		};
		A2535FCA1EC4EFA100F5DE91 /* Release */ = {
			isa = XCBuildConfiguration;
			buildSettings = {
				ALWAYS_EMBED_SWIFT_STANDARD_LIBRARIES = YES;
				BUNDLE_LOADER = "$(TEST_HOST)";
				INFOPLIST_FILE = TicTacToeTests/Info.plist;
				LD_RUNPATH_SEARCH_PATHS = "$(inherited) @executable_path/Frameworks @loader_path/Frameworks";
				PRODUCT_BUNDLE_IDENTIFIER = com.codingdojo.TicTacToeTests;
				PRODUCT_NAME = "$(TARGET_NAME)";
				SWIFT_VERSION = 3.0;
				TEST_HOST = "$(BUILT_PRODUCTS_DIR)/TicTacToe.app/TicTacToe";
			};
			name = Release;
		};
		A2535FCC1EC4EFA100F5DE91 /* Debug */ = {
			isa = XCBuildConfiguration;
			buildSettings = {
				ALWAYS_EMBED_SWIFT_STANDARD_LIBRARIES = YES;
				INFOPLIST_FILE = TicTacToeUITests/Info.plist;
				LD_RUNPATH_SEARCH_PATHS = "$(inherited) @executable_path/Frameworks @loader_path/Frameworks";
				PRODUCT_BUNDLE_IDENTIFIER = com.codingdojo.TicTacToeUITests;
				PRODUCT_NAME = "$(TARGET_NAME)";
				SWIFT_VERSION = 3.0;
				TEST_TARGET_NAME = TicTacToe;
			};
			name = Debug;
		};
		A2535FCD1EC4EFA100F5DE91 /* Release */ = {
			isa = XCBuildConfiguration;
			buildSettings = {
				ALWAYS_EMBED_SWIFT_STANDARD_LIBRARIES = YES;
				INFOPLIST_FILE = TicTacToeUITests/Info.plist;
				LD_RUNPATH_SEARCH_PATHS = "$(inherited) @executable_path/Frameworks @loader_path/Frameworks";
				PRODUCT_BUNDLE_IDENTIFIER = com.codingdojo.TicTacToeUITests;
				PRODUCT_NAME = "$(TARGET_NAME)";
				SWIFT_VERSION = 3.0;
				TEST_TARGET_NAME = TicTacToe;
			};
			name = Release;
		};
/* End XCBuildConfiguration section */

/* Begin XCConfigurationList section */
		A2535F981EC4EFA100F5DE91 /* Build configuration list for PBXProject "TicTacToe" */ = {
			isa = XCConfigurationList;
			buildConfigurations = (
				A2535FC31EC4EFA100F5DE91 /* Debug */,
				A2535FC41EC4EFA100F5DE91 /* Release */,
			);
			defaultConfigurationIsVisible = 0;
			defaultConfigurationName = Release;
		};
		A2535FC51EC4EFA100F5DE91 /* Build configuration list for PBXNativeTarget "TicTacToe" */ = {
			isa = XCConfigurationList;
			buildConfigurations = (
				A2535FC61EC4EFA100F5DE91 /* Debug */,
				A2535FC71EC4EFA100F5DE91 /* Release */,
			);
			defaultConfigurationIsVisible = 0;
		};
		A2535FC81EC4EFA100F5DE91 /* Build configuration list for PBXNativeTarget "TicTacToeTests" */ = {
			isa = XCConfigurationList;
			buildConfigurations = (
				A2535FC91EC4EFA100F5DE91 /* Debug */,
				A2535FCA1EC4EFA100F5DE91 /* Release */,
			);
			defaultConfigurationIsVisible = 0;
		};
		A2535FCB1EC4EFA100F5DE91 /* Build configuration list for PBXNativeTarget "TicTacToeUITests" */ = {
			isa = XCConfigurationList;
			buildConfigurations = (
				A2535FCC1EC4EFA100F5DE91 /* Debug */,
				A2535FCD1EC4EFA100F5DE91 /* Release */,
			);
			defaultConfigurationIsVisible = 0;
		};
/* End XCConfigurationList section */
	};
	rootObject = A2535F951EC4EFA100F5DE91 /* Project object */;
}
